// !$*UTF8*$!
{
	archiveVersion = 1;
	classes = {
	};
	objectVersion = 50;
	objects = {

/* Begin PBXBuildFile section */
		2D978CA6237B23ECA007D21A /* Pods_includle.framework in Frameworks */ = {isa = PBXBuildFile; fileRef = 3A4921517958341C8509D23D /* Pods_includle.framework */; };
		AE854A56214600F700496072 /* AppDelegate.swift in Sources */ = {isa = PBXBuildFile; fileRef = AE854A55214600F700496072 /* AppDelegate.swift */; };
		AE854A58214600F700496072 /* OnboardingViewController.swift in Sources */ = {isa = PBXBuildFile; fileRef = AE854A57214600F700496072 /* OnboardingViewController.swift */; };
		AE854A5B214600F700496072 /* OnboardingView.storyboard in Resources */ = {isa = PBXBuildFile; fileRef = AE854A59214600F700496072 /* OnboardingView.storyboard */; };
		AE854A5D214600FB00496072 /* Assets.xcassets in Resources */ = {isa = PBXBuildFile; fileRef = AE854A5C214600FB00496072 /* Assets.xcassets */; };
		AE854A60214600FB00496072 /* LaunchScreen.storyboard in Resources */ = {isa = PBXBuildFile; fileRef = AE854A5E214600FB00496072 /* LaunchScreen.storyboard */; };
		AEB6732821461E0D00CEA618 /* IntentionViewController.swift in Sources */ = {isa = PBXBuildFile; fileRef = AEB6732721461E0D00CEA618 /* IntentionViewController.swift */; };
		AEB6732A21461EBB00CEA618 /* Style.swift in Sources */ = {isa = PBXBuildFile; fileRef = AEB6732921461EBB00CEA618 /* Style.swift */; };
/* End PBXBuildFile section */

/* Begin PBXFileReference section */
		050826F809974878D7DA6415 /* Pods-includle.release.xcconfig */ = {isa = PBXFileReference; includeInIndex = 1; lastKnownFileType = text.xcconfig; name = "Pods-includle.release.xcconfig"; path = "Pods/Target Support Files/Pods-includle/Pods-includle.release.xcconfig"; sourceTree = "<group>"; };
		3A4921517958341C8509D23D /* Pods_includle.framework */ = {isa = PBXFileReference; explicitFileType = wrapper.framework; includeInIndex = 0; path = Pods_includle.framework; sourceTree = BUILT_PRODUCTS_DIR; };
		919490B19A07DF6A2C4517AD /* Pods-includle.debug.xcconfig */ = {isa = PBXFileReference; includeInIndex = 1; lastKnownFileType = text.xcconfig; name = "Pods-includle.debug.xcconfig"; path = "Pods/Target Support Files/Pods-includle/Pods-includle.debug.xcconfig"; sourceTree = "<group>"; };
		AE854A52214600F700496072 /* includle.app */ = {isa = PBXFileReference; explicitFileType = wrapper.application; includeInIndex = 0; path = includle.app; sourceTree = BUILT_PRODUCTS_DIR; };
		AE854A55214600F700496072 /* AppDelegate.swift */ = {isa = PBXFileReference; lastKnownFileType = sourcecode.swift; path = AppDelegate.swift; sourceTree = "<group>"; };
		AE854A57214600F700496072 /* OnboardingViewController.swift */ = {isa = PBXFileReference; lastKnownFileType = sourcecode.swift; path = OnboardingViewController.swift; sourceTree = "<group>"; };
		AE854A5A214600F700496072 /* Base */ = {isa = PBXFileReference; lastKnownFileType = file.storyboard; name = Base; path = Base.lproj/OnboardingView.storyboard; sourceTree = "<group>"; };
		AE854A5C214600FB00496072 /* Assets.xcassets */ = {isa = PBXFileReference; lastKnownFileType = folder.assetcatalog; path = Assets.xcassets; sourceTree = "<group>"; };
		AE854A5F214600FB00496072 /* Base */ = {isa = PBXFileReference; lastKnownFileType = file.storyboard; name = Base; path = Base.lproj/LaunchScreen.storyboard; sourceTree = "<group>"; };
		AE854A61214600FB00496072 /* Info.plist */ = {isa = PBXFileReference; lastKnownFileType = text.plist.xml; path = Info.plist; sourceTree = "<group>"; };
		AEB6732721461E0D00CEA618 /* IntentionViewController.swift */ = {isa = PBXFileReference; lastKnownFileType = sourcecode.swift; path = IntentionViewController.swift; sourceTree = "<group>"; };
		AEB6732921461EBB00CEA618 /* Style.swift */ = {isa = PBXFileReference; lastKnownFileType = sourcecode.swift; path = Style.swift; sourceTree = "<group>"; };
/* End PBXFileReference section */

/* Begin PBXFrameworksBuildPhase section */
		AE854A4F214600F700496072 /* Frameworks */ = {
			isa = PBXFrameworksBuildPhase;
			buildActionMask = 2147483647;
			files = (
				2D978CA6237B23ECA007D21A /* Pods_includle.framework in Frameworks */,
			);
			runOnlyForDeploymentPostprocessing = 0;
		};
/* End PBXFrameworksBuildPhase section */

/* Begin PBXGroup section */
		046D82B4CC543D146579F1E3 /* Pods */ = {
			isa = PBXGroup;
			children = (
				919490B19A07DF6A2C4517AD /* Pods-includle.debug.xcconfig */,
				050826F809974878D7DA6415 /* Pods-includle.release.xcconfig */,
			);
			name = Pods;
			sourceTree = "<group>";
		};
		AE854A49214600F700496072 = {
			isa = PBXGroup;
			children = (
				AE854A54214600F700496072 /* includle */,
				AE854A5C214600FB00496072 /* Assets.xcassets */,
				AE854A53214600F700496072 /* Products */,
				046D82B4CC543D146579F1E3 /* Pods */,
				F7A13596208F5C3318818108 /* Frameworks */,
			);
			sourceTree = "<group>";
		};
		AE854A53214600F700496072 /* Products */ = {
			isa = PBXGroup;
			children = (
				AE854A52214600F700496072 /* includle.app */,
			);
			name = Products;
			sourceTree = "<group>";
		};
		AE854A54214600F700496072 /* includle */ = {
			isa = PBXGroup;
			children = (
				AEB673262146124100CEA618 /* Extensions */,
				AEB673252146123B00CEA618 /* Helpers */,
				AE854A6E214611ED00496072 /* Models */,
				AE854A6C214611D700496072 /* View Controllers */,
				AE854A6A214611CB00496072 /* Storyboards */,
				AE854A672146069E00496072 /* Views */,
				AE854A6D214611D900496072 /* Supporting Files */,
			);
			path = includle;
			sourceTree = "<group>";
		};
		AE854A672146069E00496072 /* Views */ = {
			isa = PBXGroup;
			children = (
			);
			path = Views;
			sourceTree = "<group>";
		};
		AE854A6A214611CB00496072 /* Storyboards */ = {
			isa = PBXGroup;
			children = (
				AE854A59214600F700496072 /* OnboardingView.storyboard */,
			);
			path = Storyboards;
			sourceTree = "<group>";
		};
		AE854A6C214611D700496072 /* View Controllers */ = {
			isa = PBXGroup;
			children = (
				AE854A57214600F700496072 /* OnboardingViewController.swift */,
				AEB6732721461E0D00CEA618 /* IntentionViewController.swift */,
			);
			path = "View Controllers";
			sourceTree = "<group>";
		};
		AE854A6D214611D900496072 /* Supporting Files */ = {
			isa = PBXGroup;
			children = (
				AE854A55214600F700496072 /* AppDelegate.swift */,
				AE854A5E214600FB00496072 /* LaunchScreen.storyboard */,
				AE854A61214600FB00496072 /* Info.plist */,
				AEB6732921461EBB00CEA618 /* Style.swift */,
			);
			path = "Supporting Files";
			sourceTree = "<group>";
		};
		AE854A6E214611ED00496072 /* Models */ = {
			isa = PBXGroup;
			children = (
			);
			path = Models;
			sourceTree = "<group>";
		};
		AEB673252146123B00CEA618 /* Helpers */ = {
			isa = PBXGroup;
			children = (
			);
			path = Helpers;
			sourceTree = "<group>";
		};
		AEB673262146124100CEA618 /* Extensions */ = {
			isa = PBXGroup;
			children = (
			);
			path = Extensions;
			sourceTree = "<group>";
		};
		F7A13596208F5C3318818108 /* Frameworks */ = {
			isa = PBXGroup;
			children = (
				3A4921517958341C8509D23D /* Pods_includle.framework */,
			);
			name = Frameworks;
			sourceTree = "<group>";
		};
/* End PBXGroup section */

/* Begin PBXNativeTarget section */
		AE854A51214600F700496072 /* includle */ = {
			isa = PBXNativeTarget;
			buildConfigurationList = AE854A64214600FB00496072 /* Build configuration list for PBXNativeTarget "includle" */;
			buildPhases = (
				686241EE0C2BF6C5DC976B4A /* [CP] Check Pods Manifest.lock */,
				AE854A4E214600F700496072 /* Sources */,
				AE854A4F214600F700496072 /* Frameworks */,
				AE854A50214600F700496072 /* Resources */,
				F784F632D482019A38F09C19 /* [CP] Embed Pods Frameworks */,
			);
			buildRules = (
			);
			dependencies = (
			);
			name = includle;
			productName = includle;
			productReference = AE854A52214600F700496072 /* includle.app */;
			productType = "com.apple.product-type.application";
		};
/* End PBXNativeTarget section */

/* Begin PBXProject section */
		AE854A4A214600F700496072 /* Project object */ = {
			isa = PBXProject;
			attributes = {
				LastSwiftUpdateCheck = 0940;
				LastUpgradeCheck = 0940;
				ORGANIZATIONNAME = "Duncan MacDonald";
				TargetAttributes = {
					AE854A51214600F700496072 = {
						CreatedOnToolsVersion = 9.4.1;
					};
				};
			};
			buildConfigurationList = AE854A4D214600F700496072 /* Build configuration list for PBXProject "includle" */;
			compatibilityVersion = "Xcode 9.3";
			developmentRegion = en;
			hasScannedForEncodings = 0;
			knownRegions = (
				en,
				Base,
			);
			mainGroup = AE854A49214600F700496072;
			productRefGroup = AE854A53214600F700496072 /* Products */;
			projectDirPath = "";
			projectRoot = "";
			targets = (
				AE854A51214600F700496072 /* includle */,
			);
		};
/* End PBXProject section */

/* Begin PBXResourcesBuildPhase section */
		AE854A50214600F700496072 /* Resources */ = {
			isa = PBXResourcesBuildPhase;
			buildActionMask = 2147483647;
			files = (
				AE854A60214600FB00496072 /* LaunchScreen.storyboard in Resources */,
				AE854A5D214600FB00496072 /* Assets.xcassets in Resources */,
				AE854A5B214600F700496072 /* OnboardingView.storyboard in Resources */,
			);
			runOnlyForDeploymentPostprocessing = 0;
		};
/* End PBXResourcesBuildPhase section */

/* Begin PBXShellScriptBuildPhase section */
		686241EE0C2BF6C5DC976B4A /* [CP] Check Pods Manifest.lock */ = {
			isa = PBXShellScriptBuildPhase;
			buildActionMask = 2147483647;
			files = (
			);
			inputPaths = (
				"${PODS_PODFILE_DIR_PATH}/Podfile.lock",
				"${PODS_ROOT}/Manifest.lock",
			);
			name = "[CP] Check Pods Manifest.lock";
			outputPaths = (
				"$(DERIVED_FILE_DIR)/Pods-includle-checkManifestLockResult.txt",
			);
			runOnlyForDeploymentPostprocessing = 0;
			shellPath = /bin/sh;
			shellScript = "diff \"${PODS_PODFILE_DIR_PATH}/Podfile.lock\" \"${PODS_ROOT}/Manifest.lock\" > /dev/null\nif [ $? != 0 ] ; then\n    # print error to STDERR\n    echo \"error: The sandbox is not in sync with the Podfile.lock. Run 'pod install' or update your CocoaPods installation.\" >&2\n    exit 1\nfi\n# This output is used by Xcode 'outputs' to avoid re-running this script phase.\necho \"SUCCESS\" > \"${SCRIPT_OUTPUT_FILE_0}\"\n";
			showEnvVarsInLog = 0;
		};
		F784F632D482019A38F09C19 /* [CP] Embed Pods Frameworks */ = {
			isa = PBXShellScriptBuildPhase;
			buildActionMask = 2147483647;
			files = (
			);
			inputPaths = (
				"${SRCROOT}/Pods/Target Support Files/Pods-includle/Pods-includle-frameworks.sh",
				"${BUILT_PRODUCTS_DIR}/PMSuperButton/PMSuperButton.framework",
			);
			name = "[CP] Embed Pods Frameworks";
			outputPaths = (
				"${TARGET_BUILD_DIR}/${FRAMEWORKS_FOLDER_PATH}/PMSuperButton.framework",
			);
			runOnlyForDeploymentPostprocessing = 0;
			shellPath = /bin/sh;
			shellScript = "\"${SRCROOT}/Pods/Target Support Files/Pods-includle/Pods-includle-frameworks.sh\"\n";
			showEnvVarsInLog = 0;
		};
/* End PBXShellScriptBuildPhase section */

/* Begin PBXSourcesBuildPhase section */
		AE854A4E214600F700496072 /* Sources */ = {
			isa = PBXSourcesBuildPhase;
			buildActionMask = 2147483647;
			files = (
				AE854A58214600F700496072 /* OnboardingViewController.swift in Sources */,
				AE854A56214600F700496072 /* AppDelegate.swift in Sources */,
				AEB6732821461E0D00CEA618 /* IntentionViewController.swift in Sources */,
				AEB6732A21461EBB00CEA618 /* Style.swift in Sources */,
			);
			runOnlyForDeploymentPostprocessing = 0;
		};
/* End PBXSourcesBuildPhase section */

/* Begin PBXVariantGroup section */
		AE854A59214600F700496072 /* OnboardingView.storyboard */ = {
			isa = PBXVariantGroup;
			children = (
				AE854A5A214600F700496072 /* Base */,
			);
			name = OnboardingView.storyboard;
			sourceTree = "<group>";
		};
		AE854A5E214600FB00496072 /* LaunchScreen.storyboard */ = {
			isa = PBXVariantGroup;
			children = (
				AE854A5F214600FB00496072 /* Base */,
			);
			name = LaunchScreen.storyboard;
			sourceTree = "<group>";
		};
/* End PBXVariantGroup section */

/* Begin XCBuildConfiguration section */
		AE854A62214600FB00496072 /* Debug */ = {
			isa = XCBuildConfiguration;
			buildSettings = {
				ALWAYS_SEARCH_USER_PATHS = NO;
				CLANG_ANALYZER_NONNULL = YES;
				CLANG_ANALYZER_NUMBER_OBJECT_CONVERSION = YES_AGGRESSIVE;
				CLANG_CXX_LANGUAGE_STANDARD = "gnu++14";
				CLANG_CXX_LIBRARY = "libc++";
				CLANG_ENABLE_MODULES = YES;
				CLANG_ENABLE_OBJC_ARC = YES;
				CLANG_ENABLE_OBJC_WEAK = YES;
				CLANG_WARN_BLOCK_CAPTURE_AUTORELEASING = YES;
				CLANG_WARN_BOOL_CONVERSION = YES;
				CLANG_WARN_COMMA = YES;
				CLANG_WARN_CONSTANT_CONVERSION = YES;
				CLANG_WARN_DEPRECATED_OBJC_IMPLEMENTATIONS = YES;
				CLANG_WARN_DIRECT_OBJC_ISA_USAGE = YES_ERROR;
				CLANG_WARN_DOCUMENTATION_COMMENTS = YES;
				CLANG_WARN_EMPTY_BODY = YES;
				CLANG_WARN_ENUM_CONVERSION = YES;
				CLANG_WARN_INFINITE_RECURSION = YES;
				CLANG_WARN_INT_CONVERSION = YES;
				CLANG_WARN_NON_LITERAL_NULL_CONVERSION = YES;
				CLANG_WARN_OBJC_IMPLICIT_RETAIN_SELF = YES;
				CLANG_WARN_OBJC_LITERAL_CONVERSION = YES;
				CLANG_WARN_OBJC_ROOT_CLASS = YES_ERROR;
				CLANG_WARN_RANGE_LOOP_ANALYSIS = YES;
				CLANG_WARN_STRICT_PROTOTYPES = YES;
				CLANG_WARN_SUSPICIOUS_MOVE = YES;
				CLANG_WARN_UNGUARDED_AVAILABILITY = YES_AGGRESSIVE;
				CLANG_WARN_UNREACHABLE_CODE = YES;
				CLANG_WARN__DUPLICATE_METHOD_MATCH = YES;
				CODE_SIGN_IDENTITY = "iPhone Developer";
				COPY_PHASE_STRIP = NO;
				DEBUG_INFORMATION_FORMAT = dwarf;
				ENABLE_STRICT_OBJC_MSGSEND = YES;
				ENABLE_TESTABILITY = YES;
				GCC_C_LANGUAGE_STANDARD = gnu11;
				GCC_DYNAMIC_NO_PIC = NO;
				GCC_NO_COMMON_BLOCKS = YES;
				GCC_OPTIMIZATION_LEVEL = 0;
				GCC_PREPROCESSOR_DEFINITIONS = (
					"DEBUG=1",
					"$(inherited)",
				);
				GCC_WARN_64_TO_32_BIT_CONVERSION = YES;
				GCC_WARN_ABOUT_RETURN_TYPE = YES_ERROR;
				GCC_WARN_UNDECLARED_SELECTOR = YES;
				GCC_WARN_UNINITIALIZED_AUTOS = YES_AGGRESSIVE;
				GCC_WARN_UNUSED_FUNCTION = YES;
				GCC_WARN_UNUSED_VARIABLE = YES;
				IPHONEOS_DEPLOYMENT_TARGET = 11.4;
				MTL_ENABLE_DEBUG_INFO = YES;
				ONLY_ACTIVE_ARCH = YES;
				SDKROOT = iphoneos;
				SWIFT_ACTIVE_COMPILATION_CONDITIONS = DEBUG;
				SWIFT_OPTIMIZATION_LEVEL = "-Onone";
			};
			name = Debug;
		};
		AE854A63214600FB00496072 /* Release */ = {
			isa = XCBuildConfiguration;
			buildSettings = {
				ALWAYS_SEARCH_USER_PATHS = NO;
				CLANG_ANALYZER_NONNULL = YES;
				CLANG_ANALYZER_NUMBER_OBJECT_CONVERSION = YES_AGGRESSIVE;
				CLANG_CXX_LANGUAGE_STANDARD = "gnu++14";
				CLANG_CXX_LIBRARY = "libc++";
				CLANG_ENABLE_MODULES = YES;
				CLANG_ENABLE_OBJC_ARC = YES;
				CLANG_ENABLE_OBJC_WEAK = YES;
				CLANG_WARN_BLOCK_CAPTURE_AUTORELEASING = YES;
				CLANG_WARN_BOOL_CONVERSION = YES;
				CLANG_WARN_COMMA = YES;
				CLANG_WARN_CONSTANT_CONVERSION = YES;
				CLANG_WARN_DEPRECATED_OBJC_IMPLEMENTATIONS = YES;
				CLANG_WARN_DIRECT_OBJC_ISA_USAGE = YES_ERROR;
				CLANG_WARN_DOCUMENTATION_COMMENTS = YES;
				CLANG_WARN_EMPTY_BODY = YES;
				CLANG_WARN_ENUM_CONVERSION = YES;
				CLANG_WARN_INFINITE_RECURSION = YES;
				CLANG_WARN_INT_CONVERSION = YES;
				CLANG_WARN_NON_LITERAL_NULL_CONVERSION = YES;
				CLANG_WARN_OBJC_IMPLICIT_RETAIN_SELF = YES;
				CLANG_WARN_OBJC_LITERAL_CONVERSION = YES;
				CLANG_WARN_OBJC_ROOT_CLASS = YES_ERROR;
				CLANG_WARN_RANGE_LOOP_ANALYSIS = YES;
				CLANG_WARN_STRICT_PROTOTYPES = YES;
				CLANG_WARN_SUSPICIOUS_MOVE = YES;
				CLANG_WARN_UNGUARDED_AVAILABILITY = YES_AGGRESSIVE;
				CLANG_WARN_UNREACHABLE_CODE = YES;
				CLANG_WARN__DUPLICATE_METHOD_MATCH = YES;
				CODE_SIGN_IDENTITY = "iPhone Developer";
				COPY_PHASE_STRIP = NO;
				DEBUG_INFORMATION_FORMAT = "dwarf-with-dsym";
				ENABLE_NS_ASSERTIONS = NO;
				ENABLE_STRICT_OBJC_MSGSEND = YES;
				GCC_C_LANGUAGE_STANDARD = gnu11;
				GCC_NO_COMMON_BLOCKS = YES;
				GCC_WARN_64_TO_32_BIT_CONVERSION = YES;
				GCC_WARN_ABOUT_RETURN_TYPE = YES_ERROR;
				GCC_WARN_UNDECLARED_SELECTOR = YES;
				GCC_WARN_UNINITIALIZED_AUTOS = YES_AGGRESSIVE;
				GCC_WARN_UNUSED_FUNCTION = YES;
				GCC_WARN_UNUSED_VARIABLE = YES;
				IPHONEOS_DEPLOYMENT_TARGET = 11.4;
				MTL_ENABLE_DEBUG_INFO = NO;
				SDKROOT = iphoneos;
				SWIFT_COMPILATION_MODE = wholemodule;
				SWIFT_OPTIMIZATION_LEVEL = "-O";
				VALIDATE_PRODUCT = YES;
			};
			name = Release;
		};
		AE854A65214600FB00496072 /* Debug */ = {
			isa = XCBuildConfiguration;
			baseConfigurationReference = 919490B19A07DF6A2C4517AD /* Pods-includle.debug.xcconfig */;
			buildSettings = {
				ASSETCATALOG_COMPILER_APPICON_NAME = AppIcon;
				CODE_SIGN_STYLE = Automatic;
				DEVELOPMENT_TEAM = P4PBGN25JV;
				INFOPLIST_FILE = "$(SRCROOT)/includle/Supporting Files/Info.plist";
				LD_RUNPATH_SEARCH_PATHS = (
					"$(inherited)",
					"@executable_path/Frameworks",
				);
				PRODUCT_BUNDLE_IDENTIFIER = us.duncanmacdonald.includle;
				PRODUCT_NAME = "$(TARGET_NAME)";
				SWIFT_VERSION = 4.0;
				TARGETED_DEVICE_FAMILY = "1,2";
			};
			name = Debug;
		};
		AE854A66214600FB00496072 /* Release */ = {
			isa = XCBuildConfiguration;
			baseConfigurationReference = 050826F809974878D7DA6415 /* Pods-includle.release.xcconfig */;
			buildSettings = {
				ASSETCATALOG_COMPILER_APPICON_NAME = AppIcon;
				CODE_SIGN_STYLE = Automatic;
				DEVELOPMENT_TEAM = P4PBGN25JV;
				INFOPLIST_FILE = "$(SRCROOT)/includle/Supporting Files/Info.plist";
				LD_RUNPATH_SEARCH_PATHS = (
					"$(inherited)",
					"@executable_path/Frameworks",
				);
				PRODUCT_BUNDLE_IDENTIFIER = us.duncanmacdonald.includle;
				PRODUCT_NAME = "$(TARGET_NAME)";
				SWIFT_VERSION = 4.0;
				TARGETED_DEVICE_FAMILY = "1,2";
			};
			name = Release;
		};
/* End XCBuildConfiguration section */

/* Begin XCConfigurationList section */
		AE854A4D214600F700496072 /* Build configuration list for PBXProject "includle" */ = {
			isa = XCConfigurationList;
			buildConfigurations = (
				AE854A62214600FB00496072 /* Debug */,
				AE854A63214600FB00496072 /* Release */,
			);
			defaultConfigurationIsVisible = 0;
			defaultConfigurationName = Release;
		};
		AE854A64214600FB00496072 /* Build configuration list for PBXNativeTarget "includle" */ = {
			isa = XCConfigurationList;
			buildConfigurations = (
				AE854A65214600FB00496072 /* Debug */,
				AE854A66214600FB00496072 /* Release */,
			);
			defaultConfigurationIsVisible = 0;
			defaultConfigurationName = Release;
		};
/* End XCConfigurationList section */
	};
	rootObject = AE854A4A214600F700496072 /* Project object */;
}
